
Microsoft Visual Studio Solution File, Format Version 11.00
# Visual Studio 2010
Project("{FAE04EC0-301F-11D3-BF4B-00C04F79EFBC}") = "Android.Automation", "Android.Automation.csproj", "{32E3A47E-359A-4F78-AE6C-703B87DE0B97}"
EndProject
Global
	GlobalSection(SolutionConfigurationPlatforms) = preSolution
		Debug|Any CPU = Debug|Any CPU
		Development|Any CPU = Development|Any CPU
	EndGlobalSection
	GlobalSection(ProjectConfigurationPlatforms) = postSolution
		{32E3A47E-359A-4F78-AE6C-703B87DE0B97}.Debug|Any CPU.ActiveCfg = Debug|Any CPU
		{32E3A47E-359A-4F78-AE6C-703B87DE0B97}.Debug|Any CPU.Build.0 = Debug|Any CPU
		{32E3A47E-359A-4F78-AE6C-703B87DE0B97}.Development|Any CPU.ActiveCfg = Development|Any CPU
		{32E3A47E-359A-4F78-AE6C-703B87DE0B97}.Development|Any CPU.Build.0 = Development|Any CPU
	EndGlobalSection
EndGlobal
