
Microsoft Visual Studio Solution File, Format Version 12.00
# Visual Studio 2012
Project("{FAE04EC0-301F-11D3-BF4B-00C04F79EFBC}") = "AutomationToolLauncher", "AutomationToolLauncher.csproj", "{1D67A316-7EEC-4C07-83E3-BBD9C67AD129}"
EndProject
Global
	GlobalSection(SolutionConfigurationPlatforms) = preSolution
		Debug|Any CPU = Debug|Any CPU
		Development|Any CPU = Development|Any CPU
	EndGlobalSection
	GlobalSection(ProjectConfigurationPlatforms) = postSolution
		{1D67A316-7EEC-4C07-83E3-BBD9C67AD129}.Debug|Any CPU.ActiveCfg = Debug|Any CPU
		{1D67A316-7EEC-4C07-83E3-BBD9C67AD129}.Debug|Any CPU.Build.0 = Debug|Any CPU
		{1D67A316-7EEC-4C07-83E3-BBD9C67AD129}.Development|Any CPU.ActiveCfg = Development|Any CPU
		{1D67A316-7EEC-4C07-83E3-BBD9C67AD129}.Development|Any CPU.Build.0 = Development|Any CPU
	EndGlobalSection
EndGlobal
